// !$*UTF8*$!
{
	archiveVersion = 1;
	classes = {
	};
	objectVersion = 50;
	objects = {

/* Begin PBXBuildFile section */
		8700B19725CD61B300D10CA7 /* CompanyTableViewController.swift in Sources */ = {isa = PBXBuildFile; fileRef = 8700B19625CD61B300D10CA7 /* CompanyTableViewController.swift */; };
		87295DA125D15BD400C4D3B7 /* CoreDataService.swift in Sources */ = {isa = PBXBuildFile; fileRef = 87295DA025D15BD400C4D3B7 /* CoreDataService.swift */; };
		87295DA725D16F9B00C4D3B7 /* WorkerDTO.swift in Sources */ = {isa = PBXBuildFile; fileRef = 87295DA625D16F9B00C4D3B7 /* WorkerDTO.swift */; };
		87295DAC25D29BE600C4D3B7 /* Validation.swift in Sources */ = {isa = PBXBuildFile; fileRef = 87295DAB25D29BE600C4D3B7 /* Validation.swift */; };
		87295DB025D30F3700C4D3B7 /* Extansion.swift in Sources */ = {isa = PBXBuildFile; fileRef = 87295DAF25D30F3700C4D3B7 /* Extansion.swift */; };
		873DCBAD25D6DAAF004310D5 /* CompanyModel.swift in Sources */ = {isa = PBXBuildFile; fileRef = 873DCBAC25D6DAAF004310D5 /* CompanyModel.swift */; };
		873DCBB325D7F930004310D5 /* WorkerDetailViewController.swift in Sources */ = {isa = PBXBuildFile; fileRef = 873DCBB125D7F930004310D5 /* WorkerDetailViewController.swift */; };
		873DCBB925D836A7004310D5 /* DateFormattingHelper.swift in Sources */ = {isa = PBXBuildFile; fileRef = 873DCBB825D836A7004310D5 /* DateFormattingHelper.swift */; };
		876015B225D6AE8900AE0EBA /* WorkerTabBarViewController.swift in Sources */ = {isa = PBXBuildFile; fileRef = 876015B125D6AE8900AE0EBA /* WorkerTabBarViewController.swift */; };
		8781F9E125C83B97001DF29E /* AppDelegate.swift in Sources */ = {isa = PBXBuildFile; fileRef = 8781F9E025C83B97001DF29E /* AppDelegate.swift */; };
		8781F9E325C83B97001DF29E /* SceneDelegate.swift in Sources */ = {isa = PBXBuildFile; fileRef = 8781F9E225C83B97001DF29E /* SceneDelegate.swift */; };
		8781F9E825C83B97001DF29E /* Main.storyboard in Resources */ = {isa = PBXBuildFile; fileRef = 8781F9E625C83B97001DF29E /* Main.storyboard */; };
		8781F9EB25C83B97001DF29E /* NewWorker.xcdatamodeld in Sources */ = {isa = PBXBuildFile; fileRef = 8781F9E925C83B97001DF29E /* NewWorker.xcdatamodeld */; };
		8781F9ED25C83B9B001DF29E /* Assets.xcassets in Resources */ = {isa = PBXBuildFile; fileRef = 8781F9EC25C83B9B001DF29E /* Assets.xcassets */; };
		8781F9F025C83B9B001DF29E /* LaunchScreen.storyboard in Resources */ = {isa = PBXBuildFile; fileRef = 8781F9EE25C83B9B001DF29E /* LaunchScreen.storyboard */; };
		8781F9FA25CC3471001DF29E /* WorkerTableViewController.swift in Sources */ = {isa = PBXBuildFile; fileRef = 8781F9F925CC3471001DF29E /* WorkerTableViewController.swift */; };
		8781F9FD25CC64C7001DF29E /* WorkerModel.swift in Sources */ = {isa = PBXBuildFile; fileRef = 8781F9FC25CC64C7001DF29E /* WorkerModel.swift */; };
		87824BE925D40EFA00C193D9 /* ImageAPI.swift in Sources */ = {isa = PBXBuildFile; fileRef = 87824BE825D40EFA00C193D9 /* ImageAPI.swift */; };
		87E414A125D69DB700B2EF98 /* CompanyViewController.swift in Sources */ = {isa = PBXBuildFile; fileRef = 87E414A025D69DB700B2EF98 /* CompanyViewController.swift */; };
		87E414A525D6A8C500B2EF98 /* WorkerViewController.swift in Sources */ = {isa = PBXBuildFile; fileRef = 87E414A425D6A8C500B2EF98 /* WorkerViewController.swift */; };
/* End PBXBuildFile section */

/* Begin PBXFileReference section */
		8700B19625CD61B300D10CA7 /* CompanyTableViewController.swift */ = {isa = PBXFileReference; lastKnownFileType = sourcecode.swift; path = CompanyTableViewController.swift; sourceTree = "<group>"; };
		87295DA025D15BD400C4D3B7 /* CoreDataService.swift */ = {isa = PBXFileReference; lastKnownFileType = sourcecode.swift; path = CoreDataService.swift; sourceTree = "<group>"; };
		87295DA625D16F9B00C4D3B7 /* WorkerDTO.swift */ = {isa = PBXFileReference; lastKnownFileType = sourcecode.swift; path = WorkerDTO.swift; sourceTree = "<group>"; };
		87295DAB25D29BE600C4D3B7 /* Validation.swift */ = {isa = PBXFileReference; lastKnownFileType = sourcecode.swift; path = Validation.swift; sourceTree = "<group>"; };
		87295DAF25D30F3700C4D3B7 /* Extansion.swift */ = {isa = PBXFileReference; lastKnownFileType = sourcecode.swift; path = Extansion.swift; sourceTree = "<group>"; };
		873DCBAC25D6DAAF004310D5 /* CompanyModel.swift */ = {isa = PBXFileReference; lastKnownFileType = sourcecode.swift; path = CompanyModel.swift; sourceTree = "<group>"; };
		873DCBB125D7F930004310D5 /* WorkerDetailViewController.swift */ = {isa = PBXFileReference; lastKnownFileType = sourcecode.swift; path = WorkerDetailViewController.swift; sourceTree = "<group>"; };
		873DCBB825D836A7004310D5 /* DateFormattingHelper.swift */ = {isa = PBXFileReference; lastKnownFileType = sourcecode.swift; path = DateFormattingHelper.swift; sourceTree = "<group>"; };
		876015B125D6AE8900AE0EBA /* WorkerTabBarViewController.swift */ = {isa = PBXFileReference; lastKnownFileType = sourcecode.swift; path = WorkerTabBarViewController.swift; sourceTree = "<group>"; };
		8781F9DD25C83B97001DF29E /* NewWorker.app */ = {isa = PBXFileReference; explicitFileType = wrapper.application; includeInIndex = 0; path = NewWorker.app; sourceTree = BUILT_PRODUCTS_DIR; };
		8781F9E025C83B97001DF29E /* AppDelegate.swift */ = {isa = PBXFileReference; lastKnownFileType = sourcecode.swift; path = AppDelegate.swift; sourceTree = "<group>"; };
		8781F9E225C83B97001DF29E /* SceneDelegate.swift */ = {isa = PBXFileReference; lastKnownFileType = sourcecode.swift; path = SceneDelegate.swift; sourceTree = "<group>"; };
		8781F9E725C83B97001DF29E /* Base */ = {isa = PBXFileReference; lastKnownFileType = file.storyboard; name = Base; path = Base.lproj/Main.storyboard; sourceTree = "<group>"; };
		8781F9EA25C83B97001DF29E /* NewWorker.xcdatamodel */ = {isa = PBXFileReference; lastKnownFileType = wrapper.xcdatamodel; path = NewWorker.xcdatamodel; sourceTree = "<group>"; };
		8781F9EC25C83B9B001DF29E /* Assets.xcassets */ = {isa = PBXFileReference; lastKnownFileType = folder.assetcatalog; path = Assets.xcassets; sourceTree = "<group>"; };
		8781F9EF25C83B9B001DF29E /* Base */ = {isa = PBXFileReference; lastKnownFileType = file.storyboard; name = Base; path = Base.lproj/LaunchScreen.storyboard; sourceTree = "<group>"; };
		8781F9F125C83B9B001DF29E /* Info.plist */ = {isa = PBXFileReference; lastKnownFileType = text.plist.xml; path = Info.plist; sourceTree = "<group>"; };
		8781F9F925CC3471001DF29E /* WorkerTableViewController.swift */ = {isa = PBXFileReference; lastKnownFileType = sourcecode.swift; path = WorkerTableViewController.swift; sourceTree = "<group>"; };
		8781F9FC25CC64C7001DF29E /* WorkerModel.swift */ = {isa = PBXFileReference; lastKnownFileType = sourcecode.swift; path = WorkerModel.swift; sourceTree = "<group>"; };
		87824BE625D3FEDD00C193D9 /* NewWorker v2.xcdatamodel */ = {isa = PBXFileReference; lastKnownFileType = wrapper.xcdatamodel; path = "NewWorker v2.xcdatamodel"; sourceTree = "<group>"; };
		87824BE825D40EFA00C193D9 /* ImageAPI.swift */ = {isa = PBXFileReference; lastKnownFileType = sourcecode.swift; path = ImageAPI.swift; sourceTree = "<group>"; };
		87E414A025D69DB700B2EF98 /* CompanyViewController.swift */ = {isa = PBXFileReference; lastKnownFileType = sourcecode.swift; path = CompanyViewController.swift; sourceTree = "<group>"; };
		87E414A425D6A8C500B2EF98 /* WorkerViewController.swift */ = {isa = PBXFileReference; lastKnownFileType = sourcecode.swift; path = WorkerViewController.swift; sourceTree = "<group>"; };
/* End PBXFileReference section */

/* Begin PBXFrameworksBuildPhase section */
		8781F9DA25C83B97001DF29E /* Frameworks */ = {
			isa = PBXFrameworksBuildPhase;
			buildActionMask = 2147483647;
			files = (
			);
			runOnlyForDeploymentPostprocessing = 0;
		};
/* End PBXFrameworksBuildPhase section */

/* Begin PBXGroup section */
		8781F9D425C83B97001DF29E = {
			isa = PBXGroup;
			children = (
				8781F9DF25C83B97001DF29E /* NewWorker */,
				8781F9DE25C83B97001DF29E /* Products */,
			);
			sourceTree = "<group>";
		};
		8781F9DE25C83B97001DF29E /* Products */ = {
			isa = PBXGroup;
			children = (
				8781F9DD25C83B97001DF29E /* NewWorker.app */,
			);
			name = Products;
			sourceTree = "<group>";
		};
		8781F9DF25C83B97001DF29E /* NewWorker */ = {
			isa = PBXGroup;
			children = (
				8781FA0025CC7B8B001DF29E /* SupportingFiles */,
				87824BDB25D3F05A00C193D9 /* Model */,
				87824BDC25D3F07400C193D9 /* Controller */,
				87824BDD25D3F08500C193D9 /* View */,
				87824BDE25D3F09C00C193D9 /* Service */,
				8781F9F125C83B9B001DF29E /* Info.plist */,
			);
			path = NewWorker;
			sourceTree = "<group>";
		};
		8781FA0025CC7B8B001DF29E /* SupportingFiles */ = {
			isa = PBXGroup;
			children = (
				8781F9E025C83B97001DF29E /* AppDelegate.swift */,
				8781F9E225C83B97001DF29E /* SceneDelegate.swift */,
				8781F9EC25C83B9B001DF29E /* Assets.xcassets */,
			);
			path = SupportingFiles;
			sourceTree = "<group>";
		};
		87824BDB25D3F05A00C193D9 /* Model */ = {
			isa = PBXGroup;
			children = (
				8781F9E925C83B97001DF29E /* NewWorker.xcdatamodeld */,
				87295DA625D16F9B00C4D3B7 /* WorkerDTO.swift */,
				8781F9FC25CC64C7001DF29E /* WorkerModel.swift */,
				873DCBAC25D6DAAF004310D5 /* CompanyModel.swift */,
			);
			path = Model;
			sourceTree = "<group>";
		};
		87824BDC25D3F07400C193D9 /* Controller */ = {
			isa = PBXGroup;
			children = (
				87E414A425D6A8C500B2EF98 /* WorkerViewController.swift */,
				87E414A025D69DB700B2EF98 /* CompanyViewController.swift */,
				8781F9F925CC3471001DF29E /* WorkerTableViewController.swift */,
				8700B19625CD61B300D10CA7 /* CompanyTableViewController.swift */,
				876015B125D6AE8900AE0EBA /* WorkerTabBarViewController.swift */,
				873DCBB125D7F930004310D5 /* WorkerDetailViewController.swift */,
			);
			path = Controller;
			sourceTree = "<group>";
		};
		87824BDD25D3F08500C193D9 /* View */ = {
			isa = PBXGroup;
			children = (
				8781F9E625C83B97001DF29E /* Main.storyboard */,
				8781F9EE25C83B9B001DF29E /* LaunchScreen.storyboard */,
			);
			path = View;
			sourceTree = "<group>";
		};
		87824BDE25D3F09C00C193D9 /* Service */ = {
			isa = PBXGroup;
			children = (
				87295DA025D15BD400C4D3B7 /* CoreDataService.swift */,
				87295DAB25D29BE600C4D3B7 /* Validation.swift */,
				87295DAF25D30F3700C4D3B7 /* Extansion.swift */,
				873DCBB825D836A7004310D5 /* DateFormattingHelper.swift */,
				87824BE825D40EFA00C193D9 /* ImageAPI.swift */,
			);
			path = Service;
			sourceTree = "<group>";
		};
/* End PBXGroup section */

/* Begin PBXNativeTarget section */
		8781F9DC25C83B97001DF29E /* NewWorker */ = {
			isa = PBXNativeTarget;
			buildConfigurationList = 8781F9F425C83B9B001DF29E /* Build configuration list for PBXNativeTarget "NewWorker" */;
			buildPhases = (
				8781F9D925C83B97001DF29E /* Sources */,
				8781F9DA25C83B97001DF29E /* Frameworks */,
				8781F9DB25C83B97001DF29E /* Resources */,
			);
			buildRules = (
			);
			dependencies = (
			);
			name = NewWorker;
			productName = NewWorker;
			productReference = 8781F9DD25C83B97001DF29E /* NewWorker.app */;
			productType = "com.apple.product-type.application";
		};
/* End PBXNativeTarget section */

/* Begin PBXProject section */
		8781F9D525C83B97001DF29E /* Project object */ = {
			isa = PBXProject;
			attributes = {
				LastSwiftUpdateCheck = 1240;
				LastUpgradeCheck = 1240;
				TargetAttributes = {
					8781F9DC25C83B97001DF29E = {
						CreatedOnToolsVersion = 12.4;
					};
				};
			};
			buildConfigurationList = 8781F9D825C83B97001DF29E /* Build configuration list for PBXProject "NewWorker" */;
			compatibilityVersion = "Xcode 9.3";
			developmentRegion = en;
			hasScannedForEncodings = 0;
			knownRegions = (
				en,
				Base,
			);
			mainGroup = 8781F9D425C83B97001DF29E;
			productRefGroup = 8781F9DE25C83B97001DF29E /* Products */;
			projectDirPath = "";
			projectRoot = "";
			targets = (
				8781F9DC25C83B97001DF29E /* NewWorker */,
			);
		};
/* End PBXProject section */

/* Begin PBXResourcesBuildPhase section */
		8781F9DB25C83B97001DF29E /* Resources */ = {
			isa = PBXResourcesBuildPhase;
			buildActionMask = 2147483647;
			files = (
				8781F9F025C83B9B001DF29E /* LaunchScreen.storyboard in Resources */,
				8781F9ED25C83B9B001DF29E /* Assets.xcassets in Resources */,
				8781F9E825C83B97001DF29E /* Main.storyboard in Resources */,
			);
			runOnlyForDeploymentPostprocessing = 0;
		};
/* End PBXResourcesBuildPhase section */

/* Begin PBXSourcesBuildPhase section */
		8781F9D925C83B97001DF29E /* Sources */ = {
			isa = PBXSourcesBuildPhase;
			buildActionMask = 2147483647;
			files = (
				87E414A525D6A8C500B2EF98 /* WorkerViewController.swift in Sources */,
				8781F9E125C83B97001DF29E /* AppDelegate.swift in Sources */,
				8781F9EB25C83B97001DF29E /* NewWorker.xcdatamodeld in Sources */,
				873DCBB925D836A7004310D5 /* DateFormattingHelper.swift in Sources */,
				87824BE925D40EFA00C193D9 /* ImageAPI.swift in Sources */,
				8700B19725CD61B300D10CA7 /* CompanyTableViewController.swift in Sources */,
				87295DA725D16F9B00C4D3B7 /* WorkerDTO.swift in Sources */,
				87295DAC25D29BE600C4D3B7 /* Validation.swift in Sources */,
				87295DB025D30F3700C4D3B7 /* Extansion.swift in Sources */,
				87295DA125D15BD400C4D3B7 /* CoreDataService.swift in Sources */,
				87E414A125D69DB700B2EF98 /* CompanyViewController.swift in Sources */,
				8781F9E325C83B97001DF29E /* SceneDelegate.swift in Sources */,
				8781F9FA25CC3471001DF29E /* WorkerTableViewController.swift in Sources */,
				876015B225D6AE8900AE0EBA /* WorkerTabBarViewController.swift in Sources */,
				8781F9FD25CC64C7001DF29E /* WorkerModel.swift in Sources */,
				873DCBB325D7F930004310D5 /* WorkerDetailViewController.swift in Sources */,
				873DCBAD25D6DAAF004310D5 /* CompanyModel.swift in Sources */,
			);
			runOnlyForDeploymentPostprocessing = 0;
		};
/* End PBXSourcesBuildPhase section */

/* Begin PBXVariantGroup section */
		8781F9E625C83B97001DF29E /* Main.storyboard */ = {
			isa = PBXVariantGroup;
			children = (
				8781F9E725C83B97001DF29E /* Base */,
			);
			name = Main.storyboard;
			sourceTree = "<group>";
		};
		8781F9EE25C83B9B001DF29E /* LaunchScreen.storyboard */ = {
			isa = PBXVariantGroup;
			children = (
				8781F9EF25C83B9B001DF29E /* Base */,
			);
			name = LaunchScreen.storyboard;
			sourceTree = "<group>";
		};
/* End PBXVariantGroup section */

/* Begin XCBuildConfiguration section */
		8781F9F225C83B9B001DF29E /* Debug */ = {
			isa = XCBuildConfiguration;
			buildSettings = {
				ALWAYS_SEARCH_USER_PATHS = NO;
				CLANG_ANALYZER_NONNULL = YES;
				CLANG_ANALYZER_NUMBER_OBJECT_CONVERSION = YES_AGGRESSIVE;
				CLANG_CXX_LANGUAGE_STANDARD = "gnu++14";
				CLANG_CXX_LIBRARY = "libc++";
				CLANG_ENABLE_MODULES = YES;
				CLANG_ENABLE_OBJC_ARC = YES;
				CLANG_ENABLE_OBJC_WEAK = YES;
				CLANG_WARN_BLOCK_CAPTURE_AUTORELEASING = YES;
				CLANG_WARN_BOOL_CONVERSION = YES;
				CLANG_WARN_COMMA = YES;
				CLANG_WARN_CONSTANT_CONVERSION = YES;
				CLANG_WARN_DEPRECATED_OBJC_IMPLEMENTATIONS = YES;
				CLANG_WARN_DIRECT_OBJC_ISA_USAGE = YES_ERROR;
				CLANG_WARN_DOCUMENTATION_COMMENTS = YES;
				CLANG_WARN_EMPTY_BODY = YES;
				CLANG_WARN_ENUM_CONVERSION = YES;
				CLANG_WARN_INFINITE_RECURSION = YES;
				CLANG_WARN_INT_CONVERSION = YES;
				CLANG_WARN_NON_LITERAL_NULL_CONVERSION = YES;
				CLANG_WARN_OBJC_IMPLICIT_RETAIN_SELF = YES;
				CLANG_WARN_OBJC_LITERAL_CONVERSION = YES;
				CLANG_WARN_OBJC_ROOT_CLASS = YES_ERROR;
				CLANG_WARN_QUOTED_INCLUDE_IN_FRAMEWORK_HEADER = YES;
				CLANG_WARN_RANGE_LOOP_ANALYSIS = YES;
				CLANG_WARN_STRICT_PROTOTYPES = YES;
				CLANG_WARN_SUSPICIOUS_MOVE = YES;
				CLANG_WARN_UNGUARDED_AVAILABILITY = YES_AGGRESSIVE;
				CLANG_WARN_UNREACHABLE_CODE = YES;
				CLANG_WARN__DUPLICATE_METHOD_MATCH = YES;
				COPY_PHASE_STRIP = NO;
				DEBUG_INFORMATION_FORMAT = dwarf;
				ENABLE_STRICT_OBJC_MSGSEND = YES;
				ENABLE_TESTABILITY = YES;
				GCC_C_LANGUAGE_STANDARD = gnu11;
				GCC_DYNAMIC_NO_PIC = NO;
				GCC_NO_COMMON_BLOCKS = YES;
				GCC_OPTIMIZATION_LEVEL = 0;
				GCC_PREPROCESSOR_DEFINITIONS = (
					"DEBUG=1",
					"$(inherited)",
				);
				GCC_WARN_64_TO_32_BIT_CONVERSION = YES;
				GCC_WARN_ABOUT_RETURN_TYPE = YES_ERROR;
				GCC_WARN_UNDECLARED_SELECTOR = YES;
				GCC_WARN_UNINITIALIZED_AUTOS = YES_AGGRESSIVE;
				GCC_WARN_UNUSED_FUNCTION = YES;
				GCC_WARN_UNUSED_VARIABLE = YES;
				IPHONEOS_DEPLOYMENT_TARGET = 14.4;
				MTL_ENABLE_DEBUG_INFO = INCLUDE_SOURCE;
				MTL_FAST_MATH = YES;
				ONLY_ACTIVE_ARCH = YES;
				SDKROOT = iphoneos;
				SWIFT_ACTIVE_COMPILATION_CONDITIONS = DEBUG;
				SWIFT_OPTIMIZATION_LEVEL = "-Onone";
			};
			name = Debug;
		};
		8781F9F325C83B9B001DF29E /* Release */ = {
			isa = XCBuildConfiguration;
			buildSettings = {
				ALWAYS_SEARCH_USER_PATHS = NO;
				CLANG_ANALYZER_NONNULL = YES;
				CLANG_ANALYZER_NUMBER_OBJECT_CONVERSION = YES_AGGRESSIVE;
				CLANG_CXX_LANGUAGE_STANDARD = "gnu++14";
				CLANG_CXX_LIBRARY = "libc++";
				CLANG_ENABLE_MODULES = YES;
				CLANG_ENABLE_OBJC_ARC = YES;
				CLANG_ENABLE_OBJC_WEAK = YES;
				CLANG_WARN_BLOCK_CAPTURE_AUTORELEASING = YES;
				CLANG_WARN_BOOL_CONVERSION = YES;
				CLANG_WARN_COMMA = YES;
				CLANG_WARN_CONSTANT_CONVERSION = YES;
				CLANG_WARN_DEPRECATED_OBJC_IMPLEMENTATIONS = YES;
				CLANG_WARN_DIRECT_OBJC_ISA_USAGE = YES_ERROR;
				CLANG_WARN_DOCUMENTATION_COMMENTS = YES;
				CLANG_WARN_EMPTY_BODY = YES;
				CLANG_WARN_ENUM_CONVERSION = YES;
				CLANG_WARN_INFINITE_RECURSION = YES;
				CLANG_WARN_INT_CONVERSION = YES;
				CLANG_WARN_NON_LITERAL_NULL_CONVERSION = YES;
				CLANG_WARN_OBJC_IMPLICIT_RETAIN_SELF = YES;
				CLANG_WARN_OBJC_LITERAL_CONVERSION = YES;
				CLANG_WARN_OBJC_ROOT_CLASS = YES_ERROR;
				CLANG_WARN_QUOTED_INCLUDE_IN_FRAMEWORK_HEADER = YES;
				CLANG_WARN_RANGE_LOOP_ANALYSIS = YES;
				CLANG_WARN_STRICT_PROTOTYPES = YES;
				CLANG_WARN_SUSPICIOUS_MOVE = YES;
				CLANG_WARN_UNGUARDED_AVAILABILITY = YES_AGGRESSIVE;
				CLANG_WARN_UNREACHABLE_CODE = YES;
				CLANG_WARN__DUPLICATE_METHOD_MATCH = YES;
				COPY_PHASE_STRIP = NO;
				DEBUG_INFORMATION_FORMAT = "dwarf-with-dsym";
				ENABLE_NS_ASSERTIONS = NO;
				ENABLE_STRICT_OBJC_MSGSEND = YES;
				GCC_C_LANGUAGE_STANDARD = gnu11;
				GCC_NO_COMMON_BLOCKS = YES;
				GCC_WARN_64_TO_32_BIT_CONVERSION = YES;
				GCC_WARN_ABOUT_RETURN_TYPE = YES_ERROR;
				GCC_WARN_UNDECLARED_SELECTOR = YES;
				GCC_WARN_UNINITIALIZED_AUTOS = YES_AGGRESSIVE;
				GCC_WARN_UNUSED_FUNCTION = YES;
				GCC_WARN_UNUSED_VARIABLE = YES;
				IPHONEOS_DEPLOYMENT_TARGET = 14.4;
				MTL_ENABLE_DEBUG_INFO = NO;
				MTL_FAST_MATH = YES;
				SDKROOT = iphoneos;
				SWIFT_COMPILATION_MODE = wholemodule;
				SWIFT_OPTIMIZATION_LEVEL = "-O";
				VALIDATE_PRODUCT = YES;
			};
			name = Release;
		};
		8781F9F525C83B9B001DF29E /* Debug */ = {
			isa = XCBuildConfiguration;
			buildSettings = {
				ASSETCATALOG_COMPILER_APPICON_NAME = AppIcon;
				ASSETCATALOG_COMPILER_GLOBAL_ACCENT_COLOR_NAME = AccentColor;
				CODE_SIGN_STYLE = Automatic;
				INFOPLIST_FILE = NewWorker/Info.plist;
				LD_RUNPATH_SEARCH_PATHS = (
					"$(inherited)",
					"@executable_path/Frameworks",
				);
				PRODUCT_BUNDLE_IDENTIFIER = "Vladyslav-Gubanov.NewWorker";
				PRODUCT_NAME = "$(TARGET_NAME)";
				SWIFT_VERSION = 5.0;
				TARGETED_DEVICE_FAMILY = "1,2";
			};
			name = Debug;
		};
		8781F9F625C83B9B001DF29E /* Release */ = {
			isa = XCBuildConfiguration;
			buildSettings = {
				ASSETCATALOG_COMPILER_APPICON_NAME = AppIcon;
				ASSETCATALOG_COMPILER_GLOBAL_ACCENT_COLOR_NAME = AccentColor;
				CODE_SIGN_STYLE = Automatic;
				INFOPLIST_FILE = NewWorker/Info.plist;
				LD_RUNPATH_SEARCH_PATHS = (
					"$(inherited)",
					"@executable_path/Frameworks",
				);
				PRODUCT_BUNDLE_IDENTIFIER = "Vladyslav-Gubanov.NewWorker";
				PRODUCT_NAME = "$(TARGET_NAME)";
				SWIFT_VERSION = 5.0;
				TARGETED_DEVICE_FAMILY = "1,2";
			};
			name = Release;
		};
/* End XCBuildConfiguration section */

/* Begin XCConfigurationList section */
		8781F9D825C83B97001DF29E /* Build configuration list for PBXProject "NewWorker" */ = {
			isa = XCConfigurationList;
			buildConfigurations = (
				8781F9F225C83B9B001DF29E /* Debug */,
				8781F9F325C83B9B001DF29E /* Release */,
			);
			defaultConfigurationIsVisible = 0;
			defaultConfigurationName = Release;
		};
		8781F9F425C83B9B001DF29E /* Build configuration list for PBXNativeTarget "NewWorker" */ = {
			isa = XCConfigurationList;
			buildConfigurations = (
				8781F9F525C83B9B001DF29E /* Debug */,
				8781F9F625C83B9B001DF29E /* Release */,
			);
			defaultConfigurationIsVisible = 0;
			defaultConfigurationName = Release;
		};
/* End XCConfigurationList section */

/* Begin XCVersionGroup section */
		8781F9E925C83B97001DF29E /* NewWorker.xcdatamodeld */ = {
			isa = XCVersionGroup;
			children = (
				87824BE625D3FEDD00C193D9 /* NewWorker v2.xcdatamodel */,
				8781F9EA25C83B97001DF29E /* NewWorker.xcdatamodel */,
			);
			currentVersion = 87824BE625D3FEDD00C193D9 /* NewWorker v2.xcdatamodel */;
			path = NewWorker.xcdatamodeld;
			sourceTree = "<group>";
			versionGroupType = wrapper.xcdatamodel;
		};
/* End XCVersionGroup section */
	};
	rootObject = 8781F9D525C83B97001DF29E /* Project object */;
}
